
Microsoft Visual Studio Solution File, Format Version 12.00
# Visual Studio Version 16
VisualStudioVersion = 16.0.31613.86
MinimumVisualStudioVersion = 10.0.40219.1
Project("{FAE04EC0-301F-11D3-BF4B-00C04F79EFBC}") = "Main - KSP", "NBase\Main - KSP.csproj", "{97AB09AF-3E4A-48D6-9D57-1963CE877DD8}"
	ProjectSection(ProjectDependencies) = postProject
		{0DE1D01E-F89A-4940-BFEF-0FAA5A33A863} = {0DE1D01E-F89A-4940-BFEF-0FAA5A33A863}
		{2E1F6C34-0091-4569-8513-8A426D756407} = {2E1F6C34-0091-4569-8513-8A426D756407}
		{AA019336-3937-4B0D-A7F3-29523FF52433} = {AA019336-3937-4B0D-A7F3-29523FF52433}
		{A0C01C40-B1F0-43F2-8C92-77F2EE0ABEA7} = {A0C01C40-B1F0-43F2-8C92-77F2EE0ABEA7}
		{ACDBD951-2C1F-4155-93C1-56AB4212123A} = {ACDBD951-2C1F-4155-93C1-56AB4212123A}
		{E453EE65-4E4A-421D-A3CA-8B51F2903977} = {E453EE65-4E4A-421D-A3CA-8B51F2903977}
		{E99EFCAD-A268-4B46-A6D8-396775C922D3} = {E99EFCAD-A268-4B46-A6D8-396775C922D3}
		{56D3CDB4-AA13-4B0A-9C84-8C1F1DA440A7} = {56D3CDB4-AA13-4B0A-9C84-8C1F1DA440A7}
		{1FBA14B8-00E7-4EE1-B9B0-7DF5737248EF} = {1FBA14B8-00E7-4EE1-B9B0-7DF5737248EF}
		{714F98E7-2DDA-44F7-8651-6C40A52719B9} = {714F98E7-2DDA-44F7-8651-6C40A52719B9}
		{F7267CF2-C3EF-4657-8941-8F5E3A37839A} = {F7267CF2-C3EF-4657-8941-8F5E3A37839A}
		{1D9A87FB-1BA0-49EF-A5BA-94934A590AE0} = {1D9A87FB-1BA0-49EF-A5BA-94934A590AE0}
	EndProjectSection
EndProject
Project("{FAE04EC0-301F-11D3-BF4B-00C04F79EFBC}") = "NBaseData", "..\..\NBaseData\NBaseData.csproj", "{714F98E7-2DDA-44F7-8651-6C40A52719B9}"
	ProjectSection(ProjectDependencies) = postProject
		{ACDBD951-2C1F-4155-93C1-56AB4212123A} = {ACDBD951-2C1F-4155-93C1-56AB4212123A}
		{E99EFCAD-A268-4B46-A6D8-396775C922D3} = {E99EFCAD-A268-4B46-A6D8-396775C922D3}
		{1D9A87FB-1BA0-49EF-A5BA-94934A590AE0} = {1D9A87FB-1BA0-49EF-A5BA-94934A590AE0}
	EndProjectSection
EndProject
Project("{FAE04EC0-301F-11D3-BF4B-00C04F79EFBC}") = "NBaseService", "..\NBaseService\NBaseService.csproj", "{A0C01C40-B1F0-43F2-8C92-77F2EE0ABEA7}"
	ProjectSection(ProjectDependencies) = postProject
		{AA019336-3937-4B0D-A7F3-29523FF52433} = {AA019336-3937-4B0D-A7F3-29523FF52433}
		{ACDBD951-2C1F-4155-93C1-56AB4212123A} = {ACDBD951-2C1F-4155-93C1-56AB4212123A}
		{1D9A87FB-1BA0-49EF-A5BA-94934A590AE0} = {1D9A87FB-1BA0-49EF-A5BA-94934A590AE0}
	EndProjectSection
EndProject
Project("{FAE04EC0-301F-11D3-BF4B-00C04F79EFBC}") = "ORMapping", "..\..\ORMapping\ORMapping.csproj", "{1D9A87FB-1BA0-49EF-A5BA-94934A590AE0}"
EndProject
Project("{FAE04EC0-301F-11D3-BF4B-00C04F79EFBC}") = "NBaseMaster", "NBaseMaster\NBaseMaster.csproj", "{F7267CF2-C3EF-4657-8941-8F5E3A37839A}"
	ProjectSection(ProjectDependencies) = postProject
		{AA019336-3937-4B0D-A7F3-29523FF52433} = {AA019336-3937-4B0D-A7F3-29523FF52433}
		{A0C01C40-B1F0-43F2-8C92-77F2EE0ABEA7} = {A0C01C40-B1F0-43F2-8C92-77F2EE0ABEA7}
		{1FBA14B8-00E7-4EE1-B9B0-7DF5737248EF} = {1FBA14B8-00E7-4EE1-B9B0-7DF5737248EF}
	EndProjectSection
EndProject
Project("{FAE04EC0-301F-11D3-BF4B-00C04F79EFBC}") = "SqlMapper", "..\..\SqlMapper\SqlMapper.csproj", "{E99EFCAD-A268-4B46-A6D8-396775C922D3}"
EndProject
Project("{FAE04EC0-301F-11D3-BF4B-00C04F79EFBC}") = "Hachu", "Hachu\Hachu.csproj", "{56D3CDB4-AA13-4B0A-9C84-8C1F1DA440A7}"
	ProjectSection(ProjectDependencies) = postProject
		{A0C01C40-B1F0-43F2-8C92-77F2EE0ABEA7} = {A0C01C40-B1F0-43F2-8C92-77F2EE0ABEA7}
		{ACDBD951-2C1F-4155-93C1-56AB4212123A} = {ACDBD951-2C1F-4155-93C1-56AB4212123A}
		{1FBA14B8-00E7-4EE1-B9B0-7DF5737248EF} = {1FBA14B8-00E7-4EE1-B9B0-7DF5737248EF}
	EndProjectSection
EndProject
Project("{FAE04EC0-301F-11D3-BF4B-00C04F79EFBC}") = "NBaseCommon", "NBaseCommon\NBaseCommon.csproj", "{AA019336-3937-4B0D-A7F3-29523FF52433}"
	ProjectSection(ProjectDependencies) = postProject
		{ACDBD951-2C1F-4155-93C1-56AB4212123A} = {ACDBD951-2C1F-4155-93C1-56AB4212123A}
	EndProjectSection
EndProject
Project("{FAE04EC0-301F-11D3-BF4B-00C04F79EFBC}") = "NBaseUtil", "..\..\NBaseUtil\NBaseUtil.csproj", "{ACDBD951-2C1F-4155-93C1-56AB4212123A}"
EndProject
Project("{FAE04EC0-301F-11D3-BF4B-00C04F79EFBC}") = "Senin", "Senin\Senin.csproj", "{2E1F6C34-0091-4569-8513-8A426D756407}"
	ProjectSection(ProjectDependencies) = postProject
		{1FBA14B8-00E7-4EE1-B9B0-7DF5737248EF} = {1FBA14B8-00E7-4EE1-B9B0-7DF5737248EF}
	EndProjectSection
EndProject
Project("{FAE04EC0-301F-11D3-BF4B-00C04F79EFBC}") = "Dousei", "Dousei\Dousei.csproj", "{E453EE65-4E4A-421D-A3CA-8B51F2903977}"
	ProjectSection(ProjectDependencies) = postProject
		{1FBA14B8-00E7-4EE1-B9B0-7DF5737248EF} = {1FBA14B8-00E7-4EE1-B9B0-7DF5737248EF}
	EndProjectSection
EndProject
Project("{FAE04EC0-301F-11D3-BF4B-00C04F79EFBC}") = "ServiceReferences", "ServiceReferences\ServiceReferences.csproj", "{1FBA14B8-00E7-4EE1-B9B0-7DF5737248EF}"
	ProjectSection(ProjectDependencies) = postProject
		{A0C01C40-B1F0-43F2-8C92-77F2EE0ABEA7} = {A0C01C40-B1F0-43F2-8C92-77F2EE0ABEA7}
	EndProjectSection
EndProject
Project("{FAE04EC0-301F-11D3-BF4B-00C04F79EFBC}") = "Document", "Document\Document.csproj", "{0DE1D01E-F89A-4940-BFEF-0FAA5A33A863}"
	ProjectSection(ProjectDependencies) = postProject
		{714F98E7-2DDA-44F7-8651-6C40A52719B9} = {714F98E7-2DDA-44F7-8651-6C40A52719B9}
	EndProjectSection
EndProject
Project("{FAE04EC0-301F-11D3-BF4B-00C04F79EFBC}") = "Sim", "Sim\Sim.csproj", "{420A1D37-8403-4016-A880-15B9CADF74B8}"
EndProject
Project("{FAE04EC0-301F-11D3-BF4B-00C04F79EFBC}") = "WTM", "..\..\WTM\WTM.csproj", "{9AB4AF0D-D6B2-48B9-BC2D-D1C938843D70}"
EndProject
Project("{FAE04EC0-301F-11D3-BF4B-00C04F79EFBC}") = "WtmData", "..\..\WtmAccess\WtmData.csproj", "{D497BED9-434E-46B9-BA88-CE2B20EE9AFD}"
EndProject
Global
	GlobalSection(SolutionConfigurationPlatforms) = preSolution
		Debug|Any CPU = Debug|Any CPU
		Release|Any CPU = Release|Any CPU
	EndGlobalSection
	GlobalSection(ProjectConfigurationPlatforms) = postSolution
		{97AB09AF-3E4A-48D6-9D57-1963CE877DD8}.Debug|Any CPU.ActiveCfg = Debug|Any CPU
		{97AB09AF-3E4A-48D6-9D57-1963CE877DD8}.Debug|Any CPU.Build.0 = Debug|Any CPU
		{97AB09AF-3E4A-48D6-9D57-1963CE877DD8}.Release|Any CPU.ActiveCfg = Release|Any CPU
		{97AB09AF-3E4A-48D6-9D57-1963CE877DD8}.Release|Any CPU.Build.0 = Release|Any CPU
		{714F98E7-2DDA-44F7-8651-6C40A52719B9}.Debug|Any CPU.ActiveCfg = Debug|Any CPU
		{714F98E7-2DDA-44F7-8651-6C40A52719B9}.Debug|Any CPU.Build.0 = Debug|Any CPU
		{714F98E7-2DDA-44F7-8651-6C40A52719B9}.Release|Any CPU.ActiveCfg = Release|Any CPU
		{714F98E7-2DDA-44F7-8651-6C40A52719B9}.Release|Any CPU.Build.0 = Release|Any CPU
		{A0C01C40-B1F0-43F2-8C92-77F2EE0ABEA7}.Debug|Any CPU.ActiveCfg = Debug|Any CPU
		{A0C01C40-B1F0-43F2-8C92-77F2EE0ABEA7}.Debug|Any CPU.Build.0 = Debug|Any CPU
		{A0C01C40-B1F0-43F2-8C92-77F2EE0ABEA7}.Release|Any CPU.ActiveCfg = Release|Any CPU
		{A0C01C40-B1F0-43F2-8C92-77F2EE0ABEA7}.Release|Any CPU.Build.0 = Release|Any CPU
		{1D9A87FB-1BA0-49EF-A5BA-94934A590AE0}.Debug|Any CPU.ActiveCfg = Debug|Any CPU
		{1D9A87FB-1BA0-49EF-A5BA-94934A590AE0}.Debug|Any CPU.Build.0 = Debug|Any CPU
		{1D9A87FB-1BA0-49EF-A5BA-94934A590AE0}.Release|Any CPU.ActiveCfg = Release|Any CPU
		{1D9A87FB-1BA0-49EF-A5BA-94934A590AE0}.Release|Any CPU.Build.0 = Release|Any CPU
		{F7267CF2-C3EF-4657-8941-8F5E3A37839A}.Debug|Any CPU.ActiveCfg = Debug|Any CPU
		{F7267CF2-C3EF-4657-8941-8F5E3A37839A}.Debug|Any CPU.Build.0 = Debug|Any CPU
		{F7267CF2-C3EF-4657-8941-8F5E3A37839A}.Release|Any CPU.ActiveCfg = Release|Any CPU
		{F7267CF2-C3EF-4657-8941-8F5E3A37839A}.Release|Any CPU.Build.0 = Release|Any CPU
		{E99EFCAD-A268-4B46-A6D8-396775C922D3}.Debug|Any CPU.ActiveCfg = Debug|Any CPU
		{E99EFCAD-A268-4B46-A6D8-396775C922D3}.Debug|Any CPU.Build.0 = Debug|Any CPU
		{E99EFCAD-A268-4B46-A6D8-396775C922D3}.Release|Any CPU.ActiveCfg = Release|Any CPU
		{E99EFCAD-A268-4B46-A6D8-396775C922D3}.Release|Any CPU.Build.0 = Release|Any CPU
		{56D3CDB4-AA13-4B0A-9C84-8C1F1DA440A7}.Debug|Any CPU.ActiveCfg = Debug|Any CPU
		{56D3CDB4-AA13-4B0A-9C84-8C1F1DA440A7}.Debug|Any CPU.Build.0 = Debug|Any CPU
		{56D3CDB4-AA13-4B0A-9C84-8C1F1DA440A7}.Release|Any CPU.ActiveCfg = Release|Any CPU
		{56D3CDB4-AA13-4B0A-9C84-8C1F1DA440A7}.Release|Any CPU.Build.0 = Release|Any CPU
		{AA019336-3937-4B0D-A7F3-29523FF52433}.Debug|Any CPU.ActiveCfg = Debug|Any CPU
		{AA019336-3937-4B0D-A7F3-29523FF52433}.Debug|Any CPU.Build.0 = Debug|Any CPU
		{AA019336-3937-4B0D-A7F3-29523FF52433}.Release|Any CPU.ActiveCfg = Release|Any CPU
		{AA019336-3937-4B0D-A7F3-29523FF52433}.Release|Any CPU.Build.0 = Release|Any CPU
		{ACDBD951-2C1F-4155-93C1-56AB4212123A}.Debug|Any CPU.ActiveCfg = Debug|Any CPU
		{ACDBD951-2C1F-4155-93C1-56AB4212123A}.Debug|Any CPU.Build.0 = Debug|Any CPU
		{ACDBD951-2C1F-4155-93C1-56AB4212123A}.Release|Any CPU.ActiveCfg = Release|Any CPU
		{ACDBD951-2C1F-4155-93C1-56AB4212123A}.Release|Any CPU.Build.0 = Release|Any CPU
		{2E1F6C34-0091-4569-8513-8A426D756407}.Debug|Any CPU.ActiveCfg = Debug|Any CPU
		{2E1F6C34-0091-4569-8513-8A426D756407}.Debug|Any CPU.Build.0 = Debug|Any CPU
		{2E1F6C34-0091-4569-8513-8A426D756407}.Release|Any CPU.ActiveCfg = Release|Any CPU
		{2E1F6C34-0091-4569-8513-8A426D756407}.Release|Any CPU.Build.0 = Release|Any CPU
		{E453EE65-4E4A-421D-A3CA-8B51F2903977}.Debug|Any CPU.ActiveCfg = Debug|Any CPU
		{E453EE65-4E4A-421D-A3CA-8B51F2903977}.Debug|Any CPU.Build.0 = Debug|Any CPU
		{E453EE65-4E4A-421D-A3CA-8B51F2903977}.Release|Any CPU.ActiveCfg = Release|Any CPU
		{E453EE65-4E4A-421D-A3CA-8B51F2903977}.Release|Any CPU.Build.0 = Release|Any CPU
		{1FBA14B8-00E7-4EE1-B9B0-7DF5737248EF}.Debug|Any CPU.ActiveCfg = Debug|Any CPU
		{1FBA14B8-00E7-4EE1-B9B0-7DF5737248EF}.Debug|Any CPU.Build.0 = Debug|Any CPU
		{1FBA14B8-00E7-4EE1-B9B0-7DF5737248EF}.Release|Any CPU.ActiveCfg = Release|Any CPU
		{1FBA14B8-00E7-4EE1-B9B0-7DF5737248EF}.Release|Any CPU.Build.0 = Release|Any CPU
		{0DE1D01E-F89A-4940-BFEF-0FAA5A33A863}.Debug|Any CPU.ActiveCfg = Debug|Any CPU
		{0DE1D01E-F89A-4940-BFEF-0FAA5A33A863}.Debug|Any CPU.Build.0 = Debug|Any CPU
		{0DE1D01E-F89A-4940-BFEF-0FAA5A33A863}.Release|Any CPU.ActiveCfg = Release|Any CPU
		{0DE1D01E-F89A-4940-BFEF-0FAA5A33A863}.Release|Any CPU.Build.0 = Release|Any CPU
		{420A1D37-8403-4016-A880-15B9CADF74B8}.Debug|Any CPU.ActiveCfg = Debug|Any CPU
		{420A1D37-8403-4016-A880-15B9CADF74B8}.Debug|Any CPU.Build.0 = Debug|Any CPU
		{420A1D37-8403-4016-A880-15B9CADF74B8}.Release|Any CPU.ActiveCfg = Release|Any CPU
		{420A1D37-8403-4016-A880-15B9CADF74B8}.Release|Any CPU.Build.0 = Release|Any CPU
		{9AB4AF0D-D6B2-48B9-BC2D-D1C938843D70}.Debug|Any CPU.ActiveCfg = Debug|Any CPU
		{9AB4AF0D-D6B2-48B9-BC2D-D1C938843D70}.Debug|Any CPU.Build.0 = Debug|Any CPU
		{9AB4AF0D-D6B2-48B9-BC2D-D1C938843D70}.Release|Any CPU.ActiveCfg = Release|Any CPU
		{9AB4AF0D-D6B2-48B9-BC2D-D1C938843D70}.Release|Any CPU.Build.0 = Release|Any CPU
		{D497BED9-434E-46B9-BA88-CE2B20EE9AFD}.Debug|Any CPU.ActiveCfg = Debug|Any CPU
		{D497BED9-434E-46B9-BA88-CE2B20EE9AFD}.Debug|Any CPU.Build.0 = Debug|Any CPU
		{D497BED9-434E-46B9-BA88-CE2B20EE9AFD}.Release|Any CPU.ActiveCfg = Release|Any CPU
		{D497BED9-434E-46B9-BA88-CE2B20EE9AFD}.Release|Any CPU.Build.0 = Release|Any CPU
	EndGlobalSection
	GlobalSection(SolutionProperties) = preSolution
		HideSolutionNode = FALSE
	EndGlobalSection
	GlobalSection(ExtensibilityGlobals) = postSolution
		SolutionGuid = {148E16AD-3FD9-470D-9E7B-C5E9C9C72CE5}
	EndGlobalSection
EndGlobal
